
Microsoft Visual Studio Solution File, Format Version 12.00
# Visual Studio Version 17
VisualStudioVersion = 17.11.35327.3
MinimumVisualStudioVersion = 10.0.40219.1
Project("{FAE04EC0-301F-11D3-BF4B-00C04F79EFBC}") = "CP215Project", "CP215Project.csproj", "{F48CB912-6900-4858-B253-09DA1FFA8AD2}"
EndProject
Global
	GlobalSection(SolutionConfigurationPlatforms) = preSolution
		Debug|Any CPU = Debug|Any CPU
		Release|Any CPU = Release|Any CPU
	EndGlobalSection
	GlobalSection(ProjectConfigurationPlatforms) = postSolution
		{F48CB912-6900-4858-B253-09DA1FFA8AD2}.Debug|Any CPU.ActiveCfg = Debug|Any CPU
		{F48CB912-6900-4858-B253-09DA1FFA8AD2}.Debug|Any CPU.Build.0 = Debug|Any CPU
		{F48CB912-6900-4858-B253-09DA1FFA8AD2}.Release|Any CPU.ActiveCfg = Release|Any CPU
		{F48CB912-6900-4858-B253-09DA1FFA8AD2}.Release|Any CPU.Build.0 = Release|Any CPU
	EndGlobalSection
	GlobalSection(SolutionProperties) = preSolution
		HideSolutionNode = FALSE
	EndGlobalSection
	GlobalSection(ExtensibilityGlobals) = postSolution
		SolutionGuid = {6915F0E8-AF0F-4F94-A47F-C18AA24413D7}
	EndGlobalSection
EndGlobal
